
Microsoft Visual Studio Solution File, Format Version 12.00
# Visual Studio Version 16
VisualStudioVersion = 16.0.31727.386
MinimumVisualStudioVersion = 10.0.40219.1
Project("{FAE04EC0-301F-11D3-BF4B-00C04F79EFBC}") = "监考分配", "监考分配\监考分配.csproj", "{225EA33B-0B53-4AE1-8F5B-98D96149B43C}"
EndProject
Global
	GlobalSection(SolutionConfigurationPlatforms) = preSolution
		Debug|Any CPU = Debug|Any CPU
		Release|Any CPU = Release|Any CPU
	EndGlobalSection
	GlobalSection(ProjectConfigurationPlatforms) = postSolution
		{225EA33B-0B53-4AE1-8F5B-98D96149B43C}.Debug|Any CPU.ActiveCfg = Debug|Any CPU
		{225EA33B-0B53-4AE1-8F5B-98D96149B43C}.Debug|Any CPU.Build.0 = Debug|Any CPU
		{225EA33B-0B53-4AE1-8F5B-98D96149B43C}.Release|Any CPU.ActiveCfg = Release|Any CPU
		{225EA33B-0B53-4AE1-8F5B-98D96149B43C}.Release|Any CPU.Build.0 = Release|Any CPU
	EndGlobalSection
	GlobalSection(SolutionProperties) = preSolution
		HideSolutionNode = FALSE
	EndGlobalSection
	GlobalSection(ExtensibilityGlobals) = postSolution
		SolutionGuid = {0B648F75-D08A-44C4-B77E-CAC9DCAE13DD}
	EndGlobalSection
EndGlobal
